
Microsoft Visual Studio Solution File, Format Version 12.00
# Visual Studio 15
VisualStudioVersion = 15.0.28307.106
MinimumVisualStudioVersion = 10.0.40219.1
Project("{FAE04EC0-301F-11D3-BF4B-00C04F79EFBC}") = "ToDo.DataAccess", "ToDo.DataAccess\ToDo.DataAccess.csproj", "{08E708E8-8DFE-48A7-8542-F83176803AD2}"
EndProject
Global
	GlobalSection(SolutionConfigurationPlatforms) = preSolution
		Debug|Any CPU = Debug|Any CPU
		Release|Any CPU = Release|Any CPU
	EndGlobalSection
	GlobalSection(ProjectConfigurationPlatforms) = postSolution
		{08E708E8-8DFE-48A7-8542-F83176803AD2}.Debug|Any CPU.ActiveCfg = Debug|Any CPU
		{08E708E8-8DFE-48A7-8542-F83176803AD2}.Debug|Any CPU.Build.0 = Debug|Any CPU
		{08E708E8-8DFE-48A7-8542-F83176803AD2}.Release|Any CPU.ActiveCfg = Release|Any CPU
		{08E708E8-8DFE-48A7-8542-F83176803AD2}.Release|Any CPU.Build.0 = Release|Any CPU
	EndGlobalSection
	GlobalSection(SolutionProperties) = preSolution
		HideSolutionNode = FALSE
	EndGlobalSection
	GlobalSection(ExtensibilityGlobals) = postSolution
		SolutionGuid = {B00AC651-9552-4749-AD7A-5E56D05CED6A}
	EndGlobalSection
EndGlobal
