
Microsoft Visual Studio Solution File, Format Version 12.00
# Visual Studio 15
VisualStudioVersion = 15.0.28307.106
MinimumVisualStudioVersion = 10.0.40219.1
Project("{9A19103F-16F7-4668-BE54-9A1E7A4F7556}") = "ToDo.WebAPI", "ToDo.WebAPI\ToDo.WebAPI.csproj", "{9F074F6C-30CC-49CA-8704-0DC1A1406404}"
EndProject
Project("{9A19103F-16F7-4668-BE54-9A1E7A4F7556}") = "ToDo.DataAccess", "ToDo.DataAccess\ToDo.DataAccess.csproj", "{9BDFC48F-E9D5-46E4-B461-B8E70D6BEF5D}"
EndProject
Project("{FAE04EC0-301F-11D3-BF4B-00C04F79EFBC}") = "ToDo.Services", "ToDo.Services\ToDo.Services.csproj", "{3C732E2B-F3AE-409A-A29F-77DCBC9BAB78}"
EndProject
Project("{FAE04EC0-301F-11D3-BF4B-00C04F79EFBC}") = "ToDo.Tests", "ToDo.Tests\ToDo.Tests.csproj", "{8AEB3123-3D0C-4ECA-A19F-7AF66C8835F9}"
EndProject
Global
	GlobalSection(SolutionConfigurationPlatforms) = preSolution
		Debug|Any CPU = Debug|Any CPU
		Release|Any CPU = Release|Any CPU
	EndGlobalSection
	GlobalSection(ProjectConfigurationPlatforms) = postSolution
		{9F074F6C-30CC-49CA-8704-0DC1A1406404}.Debug|Any CPU.ActiveCfg = Debug|Any CPU
		{9F074F6C-30CC-49CA-8704-0DC1A1406404}.Debug|Any CPU.Build.0 = Debug|Any CPU
		{9F074F6C-30CC-49CA-8704-0DC1A1406404}.Release|Any CPU.ActiveCfg = Release|Any CPU
		{9F074F6C-30CC-49CA-8704-0DC1A1406404}.Release|Any CPU.Build.0 = Release|Any CPU
		{9BDFC48F-E9D5-46E4-B461-B8E70D6BEF5D}.Debug|Any CPU.ActiveCfg = Debug|Any CPU
		{9BDFC48F-E9D5-46E4-B461-B8E70D6BEF5D}.Debug|Any CPU.Build.0 = Debug|Any CPU
		{9BDFC48F-E9D5-46E4-B461-B8E70D6BEF5D}.Release|Any CPU.ActiveCfg = Release|Any CPU
		{9BDFC48F-E9D5-46E4-B461-B8E70D6BEF5D}.Release|Any CPU.Build.0 = Release|Any CPU
		{3C732E2B-F3AE-409A-A29F-77DCBC9BAB78}.Debug|Any CPU.ActiveCfg = Debug|Any CPU
		{3C732E2B-F3AE-409A-A29F-77DCBC9BAB78}.Debug|Any CPU.Build.0 = Debug|Any CPU
		{3C732E2B-F3AE-409A-A29F-77DCBC9BAB78}.Release|Any CPU.ActiveCfg = Release|Any CPU
		{3C732E2B-F3AE-409A-A29F-77DCBC9BAB78}.Release|Any CPU.Build.0 = Release|Any CPU
		{8AEB3123-3D0C-4ECA-A19F-7AF66C8835F9}.Debug|Any CPU.ActiveCfg = Debug|Any CPU
		{8AEB3123-3D0C-4ECA-A19F-7AF66C8835F9}.Debug|Any CPU.Build.0 = Debug|Any CPU
		{8AEB3123-3D0C-4ECA-A19F-7AF66C8835F9}.Release|Any CPU.ActiveCfg = Release|Any CPU
		{8AEB3123-3D0C-4ECA-A19F-7AF66C8835F9}.Release|Any CPU.Build.0 = Release|Any CPU
	EndGlobalSection
	GlobalSection(SolutionProperties) = preSolution
		HideSolutionNode = FALSE
	EndGlobalSection
	GlobalSection(ExtensibilityGlobals) = postSolution
		SolutionGuid = {14450A5C-B7F5-41C1-B261-BE951C78AE25}
	EndGlobalSection
EndGlobal
